
Microsoft Visual Studio Solution File, Format Version 12.00
# Visual Studio 15
VisualStudioVersion = 15.0.28010.2048
MinimumVisualStudioVersion = 10.0.40219.1
Project("{FAE04EC0-301F-11D3-BF4B-00C04F79EFBC}") = "API", "API\API.csproj", "{77038F2F-17BE-4260-A292-9CC539A5F45A}"
EndProject
Global
	GlobalSection(SolutionConfigurationPlatforms) = preSolution
		Debug|Any CPU = Debug|Any CPU
		Release|Any CPU = Release|Any CPU
	EndGlobalSection
	GlobalSection(ProjectConfigurationPlatforms) = postSolution
		{77038F2F-17BE-4260-A292-9CC539A5F45A}.Debug|Any CPU.ActiveCfg = Debug|Any CPU
		{77038F2F-17BE-4260-A292-9CC539A5F45A}.Debug|Any CPU.Build.0 = Debug|Any CPU
		{77038F2F-17BE-4260-A292-9CC539A5F45A}.Release|Any CPU.ActiveCfg = Release|Any CPU
		{77038F2F-17BE-4260-A292-9CC539A5F45A}.Release|Any CPU.Build.0 = Release|Any CPU
	EndGlobalSection
	GlobalSection(SolutionProperties) = preSolution
		HideSolutionNode = FALSE
	EndGlobalSection
	GlobalSection(ExtensibilityGlobals) = postSolution
		SolutionGuid = {B3148706-9856-485D-A140-0F88A7C596B9}
	EndGlobalSection
EndGlobal
